
Microsoft Visual Studio Solution File, Format Version 12.00
# Visual Studio Version 16
VisualStudioVersion = 16.0.28315.86
MinimumVisualStudioVersion = 10.0.40219.1
Project("{9A19103F-16F7-4668-BE54-9A1E7A4F7556}") = "Lexical.Localization", "Lexical.Localization\Lexical.Localization.csproj", "{96763C60-B44F-428D-A6AB-F3EFD5D41C3A}"
EndProject
Project("{2150E333-8FDC-42A3-9474-1A3956D46DE8}") = "Solution Items", "Solution Items", "{6392886C-40CC-4E06-AE46-9568D2394A4A}"
	ProjectSection(SolutionItems) = preProject
		index.md = index.md
	EndProjectSection
EndProject
Project("{9A19103F-16F7-4668-BE54-9A1E7A4F7556}") = "docs", "docs\docs.csproj", "{6D920DBB-BB29-4BAD-AF73-A422EA7B980A}"
EndProject
Project("{9A19103F-16F7-4668-BE54-9A1E7A4F7556}") = "Lexical.Localization.Abstractions", "Lexical.Localization.Abstractions\Lexical.Localization.Abstractions.csproj", "{B7C80D2C-534A-4122-80B8-79B6292065EC}"
EndProject
Project("{9A19103F-16F7-4668-BE54-9A1E7A4F7556}") = "Scratch", "Scratch\Scratch.csproj", "{4DD9930E-A9A7-4329-9E5A-989FDD8240EA}"
EndProject
Global
	GlobalSection(SolutionConfigurationPlatforms) = preSolution
		Debug|Any CPU = Debug|Any CPU
		Release|Any CPU = Release|Any CPU
	EndGlobalSection
	GlobalSection(ProjectConfigurationPlatforms) = postSolution
		{96763C60-B44F-428D-A6AB-F3EFD5D41C3A}.Debug|Any CPU.ActiveCfg = Debug|Any CPU
		{96763C60-B44F-428D-A6AB-F3EFD5D41C3A}.Debug|Any CPU.Build.0 = Debug|Any CPU
		{96763C60-B44F-428D-A6AB-F3EFD5D41C3A}.Release|Any CPU.ActiveCfg = Release|Any CPU
		{96763C60-B44F-428D-A6AB-F3EFD5D41C3A}.Release|Any CPU.Build.0 = Release|Any CPU
		{6D920DBB-BB29-4BAD-AF73-A422EA7B980A}.Debug|Any CPU.ActiveCfg = Debug|Any CPU
		{6D920DBB-BB29-4BAD-AF73-A422EA7B980A}.Debug|Any CPU.Build.0 = Debug|Any CPU
		{6D920DBB-BB29-4BAD-AF73-A422EA7B980A}.Release|Any CPU.ActiveCfg = Release|Any CPU
		{6D920DBB-BB29-4BAD-AF73-A422EA7B980A}.Release|Any CPU.Build.0 = Release|Any CPU
		{B7C80D2C-534A-4122-80B8-79B6292065EC}.Debug|Any CPU.ActiveCfg = Debug|Any CPU
		{B7C80D2C-534A-4122-80B8-79B6292065EC}.Debug|Any CPU.Build.0 = Debug|Any CPU
		{B7C80D2C-534A-4122-80B8-79B6292065EC}.Release|Any CPU.ActiveCfg = Release|Any CPU
		{B7C80D2C-534A-4122-80B8-79B6292065EC}.Release|Any CPU.Build.0 = Release|Any CPU
		{4DD9930E-A9A7-4329-9E5A-989FDD8240EA}.Debug|Any CPU.ActiveCfg = Debug|Any CPU
		{4DD9930E-A9A7-4329-9E5A-989FDD8240EA}.Debug|Any CPU.Build.0 = Debug|Any CPU
		{4DD9930E-A9A7-4329-9E5A-989FDD8240EA}.Release|Any CPU.ActiveCfg = Release|Any CPU
		{4DD9930E-A9A7-4329-9E5A-989FDD8240EA}.Release|Any CPU.Build.0 = Release|Any CPU
	EndGlobalSection
	GlobalSection(SolutionProperties) = preSolution
		HideSolutionNode = FALSE
	EndGlobalSection
	GlobalSection(ExtensibilityGlobals) = postSolution
		SolutionGuid = {987D4597-06E3-44D9-B419-158B2CBD04E9}
	EndGlobalSection
EndGlobal
